
Microsoft Visual Studio Solution File, Format Version 12.00
# Visual Studio Version 17
VisualStudioVersion = 17.4.33122.133
MinimumVisualStudioVersion = 10.0.40219.1
Project("{8BC9CEB8-8B4A-11D0-8D11-00A0C91BC942}") = "Lab3_Sort", "Lab3_Sort\Lab3_Sort.vcxproj", "{94F2CA1C-52A0-436E-96F3-B08A1974D830}"
EndProject
Project("{8BC9CEB8-8B4A-11D0-8D11-00A0C91BC942}") = "UnitTest1", "UnitTest1\UnitTest1.vcxproj", "{39519FEC-9326-4A06-BC10-3272053BF534}"
EndProject
Global
	GlobalSection(SolutionConfigurationPlatforms) = preSolution
		Debug|x64 = Debug|x64
		Debug|x86 = Debug|x86
		Release|x64 = Release|x64
		Release|x86 = Release|x86
	EndGlobalSection
	GlobalSection(ProjectConfigurationPlatforms) = postSolution
		{94F2CA1C-52A0-436E-96F3-B08A1974D830}.Debug|x64.ActiveCfg = Debug|x64
		{94F2CA1C-52A0-436E-96F3-B08A1974D830}.Debug|x64.Build.0 = Debug|x64
		{94F2CA1C-52A0-436E-96F3-B08A1974D830}.Debug|x86.ActiveCfg = Debug|Win32
		{94F2CA1C-52A0-436E-96F3-B08A1974D830}.Debug|x86.Build.0 = Debug|Win32
		{94F2CA1C-52A0-436E-96F3-B08A1974D830}.Release|x64.ActiveCfg = Release|x64
		{94F2CA1C-52A0-436E-96F3-B08A1974D830}.Release|x64.Build.0 = Release|x64
		{94F2CA1C-52A0-436E-96F3-B08A1974D830}.Release|x86.ActiveCfg = Release|Win32
		{94F2CA1C-52A0-436E-96F3-B08A1974D830}.Release|x86.Build.0 = Release|Win32
		{39519FEC-9326-4A06-BC10-3272053BF534}.Debug|x64.ActiveCfg = Debug|x64
		{39519FEC-9326-4A06-BC10-3272053BF534}.Debug|x64.Build.0 = Debug|x64
		{39519FEC-9326-4A06-BC10-3272053BF534}.Debug|x86.ActiveCfg = Debug|Win32
		{39519FEC-9326-4A06-BC10-3272053BF534}.Debug|x86.Build.0 = Debug|Win32
		{39519FEC-9326-4A06-BC10-3272053BF534}.Release|x64.ActiveCfg = Release|x64
		{39519FEC-9326-4A06-BC10-3272053BF534}.Release|x64.Build.0 = Release|x64
		{39519FEC-9326-4A06-BC10-3272053BF534}.Release|x86.ActiveCfg = Release|Win32
		{39519FEC-9326-4A06-BC10-3272053BF534}.Release|x86.Build.0 = Release|Win32
	EndGlobalSection
	GlobalSection(SolutionProperties) = preSolution
		HideSolutionNode = FALSE
	EndGlobalSection
	GlobalSection(ExtensibilityGlobals) = postSolution
		SolutionGuid = {306313E8-9105-4D1F-877E-070D654310D5}
	EndGlobalSection
EndGlobal
